
Microsoft Visual Studio Solution File, Format Version 12.00
Project("{FAE04EC0-301F-11D3-BF4B-00C04F79EFBC}") = "HelloWorld", "HelloWorld\HelloWorld.csproj", "{CB755A2F-5965-4F8B-8AE4-F647A4B85820}"
EndProject
Project("{FAE04EC0-301F-11D3-BF4B-00C04F79EFBC}") = "NewClass", "NewClass\NewClass.csproj", "{0502DFC9-A044-49BE-8CB5-75EBAEF37B1E}"
EndProject
Project("{FAE04EC0-301F-11D3-BF4B-00C04F79EFBC}") = "Polymorphic", "Polymorphic\Polymorphic.csproj", "{9DF1F49F-08D5-40BD-848C-D1F4E7EFEE21}"
EndProject
Project("{FAE04EC0-301F-11D3-BF4B-00C04F79EFBC}") = "MoreThreads", "MoreThreads\MoreThreads.csproj", "{5E80C8DA-2833-4EA3-BBF3-682BB62F1843}"
EndProject
Project("{FAE04EC0-301F-11D3-BF4B-00C04F79EFBC}") = "Generic", "Generic\Generic.csproj", "{2953013F-79B6-4FEE-81A5-89CC2B7A6AB4}"
EndProject
Project("{FAE04EC0-301F-11D3-BF4B-00C04F79EFBC}") = "SplitString", "SplitString\SplitString.csproj", "{5FCFEB43-7FE9-44FD-80F6-C815D9DEEFE2}"
EndProject
Project("{FAE04EC0-301F-11D3-BF4B-00C04F79EFBC}") = "RandomPi", "RandomPi\RandomPi.csproj", "{7CC31C77-6604-4A4B-8F8A-0B9E4D8A9C20}"
EndProject
Project("{FAE04EC0-301F-11D3-BF4B-00C04F79EFBC}") = "BoxPush", "BoxPush\BoxPush.csproj", "{823CA3B4-00C5-4326-BF2C-14C1299C1AD4}"
EndProject
Project("{FAE04EC0-301F-11D3-BF4B-00C04F79EFBC}") = "LawOfSegregationSimulator", "LawOfSegregationSimulator\LawOfSegregationSimulator.csproj", "{4ABC453E-F435-4754-8567-0DA05DB1E1F5}"
EndProject
Project("{FAE04EC0-301F-11D3-BF4B-00C04F79EFBC}") = "Snake", "Snake\Snake.csproj", "{19037CF2-E863-408F-B610-F25C4B3292B8}"
EndProject
Project("{FAE04EC0-301F-11D3-BF4B-00C04F79EFBC}") = "Test", "Test\Test.csproj", "{6FE1BF1D-2B27-48B6-A1AB-8008225D9B97}"
EndProject
Project("{FAE04EC0-301F-11D3-BF4B-00C04F79EFBC}") = "SnakePlay", "SnakePlay\SnakePlay.csproj", "{77B6C91B-6B65-4F3E-BAAF-EDC468673055}"
EndProject
Project("{FAE04EC0-301F-11D3-BF4B-00C04F79EFBC}") = "SnakeAuto", "SnakeAuto\SnakeAuto.csproj", "{EED6F9EF-E22E-4323-9E09-8086B61E457F}"
EndProject
Global
	GlobalSection(SolutionConfigurationPlatforms) = preSolution
		Debug|Any CPU = Debug|Any CPU
		Debug|x64 = Debug|x64
		Debug|x86 = Debug|x86
		Release|Any CPU = Release|Any CPU
		Release|x64 = Release|x64
		Release|x86 = Release|x86
	EndGlobalSection
	GlobalSection(ProjectConfigurationPlatforms) = postSolution
		{CB755A2F-5965-4F8B-8AE4-F647A4B85820}.Debug|Any CPU.ActiveCfg = Debug|Any CPU
		{CB755A2F-5965-4F8B-8AE4-F647A4B85820}.Debug|Any CPU.Build.0 = Debug|Any CPU
		{CB755A2F-5965-4F8B-8AE4-F647A4B85820}.Debug|x64.ActiveCfg = Debug|Any CPU
		{CB755A2F-5965-4F8B-8AE4-F647A4B85820}.Debug|x64.Build.0 = Debug|Any CPU
		{CB755A2F-5965-4F8B-8AE4-F647A4B85820}.Debug|x86.ActiveCfg = Debug|Any CPU
		{CB755A2F-5965-4F8B-8AE4-F647A4B85820}.Debug|x86.Build.0 = Debug|Any CPU
		{CB755A2F-5965-4F8B-8AE4-F647A4B85820}.Release|Any CPU.ActiveCfg = Release|Any CPU
		{CB755A2F-5965-4F8B-8AE4-F647A4B85820}.Release|Any CPU.Build.0 = Release|Any CPU
		{CB755A2F-5965-4F8B-8AE4-F647A4B85820}.Release|x64.ActiveCfg = Release|Any CPU
		{CB755A2F-5965-4F8B-8AE4-F647A4B85820}.Release|x64.Build.0 = Release|Any CPU
		{CB755A2F-5965-4F8B-8AE4-F647A4B85820}.Release|x86.ActiveCfg = Release|Any CPU
		{CB755A2F-5965-4F8B-8AE4-F647A4B85820}.Release|x86.Build.0 = Release|Any CPU
		{0502DFC9-A044-49BE-8CB5-75EBAEF37B1E}.Debug|Any CPU.ActiveCfg = Debug|Any CPU
		{0502DFC9-A044-49BE-8CB5-75EBAEF37B1E}.Debug|Any CPU.Build.0 = Debug|Any CPU
		{0502DFC9-A044-49BE-8CB5-75EBAEF37B1E}.Debug|x64.ActiveCfg = Debug|Any CPU
		{0502DFC9-A044-49BE-8CB5-75EBAEF37B1E}.Debug|x64.Build.0 = Debug|Any CPU
		{0502DFC9-A044-49BE-8CB5-75EBAEF37B1E}.Debug|x86.ActiveCfg = Debug|Any CPU
		{0502DFC9-A044-49BE-8CB5-75EBAEF37B1E}.Debug|x86.Build.0 = Debug|Any CPU
		{0502DFC9-A044-49BE-8CB5-75EBAEF37B1E}.Release|Any CPU.ActiveCfg = Release|Any CPU
		{0502DFC9-A044-49BE-8CB5-75EBAEF37B1E}.Release|Any CPU.Build.0 = Release|Any CPU
		{0502DFC9-A044-49BE-8CB5-75EBAEF37B1E}.Release|x64.ActiveCfg = Release|Any CPU
		{0502DFC9-A044-49BE-8CB5-75EBAEF37B1E}.Release|x64.Build.0 = Release|Any CPU
		{0502DFC9-A044-49BE-8CB5-75EBAEF37B1E}.Release|x86.ActiveCfg = Release|Any CPU
		{0502DFC9-A044-49BE-8CB5-75EBAEF37B1E}.Release|x86.Build.0 = Release|Any CPU
		{9DF1F49F-08D5-40BD-848C-D1F4E7EFEE21}.Debug|Any CPU.ActiveCfg = Debug|Any CPU
		{9DF1F49F-08D5-40BD-848C-D1F4E7EFEE21}.Debug|Any CPU.Build.0 = Debug|Any CPU
		{9DF1F49F-08D5-40BD-848C-D1F4E7EFEE21}.Debug|x64.ActiveCfg = Debug|Any CPU
		{9DF1F49F-08D5-40BD-848C-D1F4E7EFEE21}.Debug|x64.Build.0 = Debug|Any CPU
		{9DF1F49F-08D5-40BD-848C-D1F4E7EFEE21}.Debug|x86.ActiveCfg = Debug|Any CPU
		{9DF1F49F-08D5-40BD-848C-D1F4E7EFEE21}.Debug|x86.Build.0 = Debug|Any CPU
		{9DF1F49F-08D5-40BD-848C-D1F4E7EFEE21}.Release|Any CPU.ActiveCfg = Release|Any CPU
		{9DF1F49F-08D5-40BD-848C-D1F4E7EFEE21}.Release|Any CPU.Build.0 = Release|Any CPU
		{9DF1F49F-08D5-40BD-848C-D1F4E7EFEE21}.Release|x64.ActiveCfg = Release|Any CPU
		{9DF1F49F-08D5-40BD-848C-D1F4E7EFEE21}.Release|x64.Build.0 = Release|Any CPU
		{9DF1F49F-08D5-40BD-848C-D1F4E7EFEE21}.Release|x86.ActiveCfg = Release|Any CPU
		{9DF1F49F-08D5-40BD-848C-D1F4E7EFEE21}.Release|x86.Build.0 = Release|Any CPU
		{5E80C8DA-2833-4EA3-BBF3-682BB62F1843}.Debug|Any CPU.ActiveCfg = Debug|Any CPU
		{5E80C8DA-2833-4EA3-BBF3-682BB62F1843}.Debug|Any CPU.Build.0 = Debug|Any CPU
		{5E80C8DA-2833-4EA3-BBF3-682BB62F1843}.Debug|x64.ActiveCfg = Debug|Any CPU
		{5E80C8DA-2833-4EA3-BBF3-682BB62F1843}.Debug|x64.Build.0 = Debug|Any CPU
		{5E80C8DA-2833-4EA3-BBF3-682BB62F1843}.Debug|x86.ActiveCfg = Debug|Any CPU
		{5E80C8DA-2833-4EA3-BBF3-682BB62F1843}.Debug|x86.Build.0 = Debug|Any CPU
		{5E80C8DA-2833-4EA3-BBF3-682BB62F1843}.Release|Any CPU.ActiveCfg = Release|Any CPU
		{5E80C8DA-2833-4EA3-BBF3-682BB62F1843}.Release|Any CPU.Build.0 = Release|Any CPU
		{5E80C8DA-2833-4EA3-BBF3-682BB62F1843}.Release|x64.ActiveCfg = Release|Any CPU
		{5E80C8DA-2833-4EA3-BBF3-682BB62F1843}.Release|x64.Build.0 = Release|Any CPU
		{5E80C8DA-2833-4EA3-BBF3-682BB62F1843}.Release|x86.ActiveCfg = Release|Any CPU
		{5E80C8DA-2833-4EA3-BBF3-682BB62F1843}.Release|x86.Build.0 = Release|Any CPU
		{2953013F-79B6-4FEE-81A5-89CC2B7A6AB4}.Debug|Any CPU.ActiveCfg = Debug|Any CPU
		{2953013F-79B6-4FEE-81A5-89CC2B7A6AB4}.Debug|Any CPU.Build.0 = Debug|Any CPU
		{2953013F-79B6-4FEE-81A5-89CC2B7A6AB4}.Debug|x64.ActiveCfg = Debug|Any CPU
		{2953013F-79B6-4FEE-81A5-89CC2B7A6AB4}.Debug|x64.Build.0 = Debug|Any CPU
		{2953013F-79B6-4FEE-81A5-89CC2B7A6AB4}.Debug|x86.ActiveCfg = Debug|Any CPU
		{2953013F-79B6-4FEE-81A5-89CC2B7A6AB4}.Debug|x86.Build.0 = Debug|Any CPU
		{2953013F-79B6-4FEE-81A5-89CC2B7A6AB4}.Release|Any CPU.ActiveCfg = Release|Any CPU
		{2953013F-79B6-4FEE-81A5-89CC2B7A6AB4}.Release|Any CPU.Build.0 = Release|Any CPU
		{2953013F-79B6-4FEE-81A5-89CC2B7A6AB4}.Release|x64.ActiveCfg = Release|Any CPU
		{2953013F-79B6-4FEE-81A5-89CC2B7A6AB4}.Release|x64.Build.0 = Release|Any CPU
		{2953013F-79B6-4FEE-81A5-89CC2B7A6AB4}.Release|x86.ActiveCfg = Release|Any CPU
		{2953013F-79B6-4FEE-81A5-89CC2B7A6AB4}.Release|x86.Build.0 = Release|Any CPU
		{5FCFEB43-7FE9-44FD-80F6-C815D9DEEFE2}.Debug|Any CPU.ActiveCfg = Debug|Any CPU
		{5FCFEB43-7FE9-44FD-80F6-C815D9DEEFE2}.Debug|Any CPU.Build.0 = Debug|Any CPU
		{5FCFEB43-7FE9-44FD-80F6-C815D9DEEFE2}.Debug|x64.ActiveCfg = Debug|Any CPU
		{5FCFEB43-7FE9-44FD-80F6-C815D9DEEFE2}.Debug|x64.Build.0 = Debug|Any CPU
		{5FCFEB43-7FE9-44FD-80F6-C815D9DEEFE2}.Debug|x86.ActiveCfg = Debug|Any CPU
		{5FCFEB43-7FE9-44FD-80F6-C815D9DEEFE2}.Debug|x86.Build.0 = Debug|Any CPU
		{5FCFEB43-7FE9-44FD-80F6-C815D9DEEFE2}.Release|Any CPU.ActiveCfg = Release|Any CPU
		{5FCFEB43-7FE9-44FD-80F6-C815D9DEEFE2}.Release|Any CPU.Build.0 = Release|Any CPU
		{5FCFEB43-7FE9-44FD-80F6-C815D9DEEFE2}.Release|x64.ActiveCfg = Release|Any CPU
		{5FCFEB43-7FE9-44FD-80F6-C815D9DEEFE2}.Release|x64.Build.0 = Release|Any CPU
		{5FCFEB43-7FE9-44FD-80F6-C815D9DEEFE2}.Release|x86.ActiveCfg = Release|Any CPU
		{5FCFEB43-7FE9-44FD-80F6-C815D9DEEFE2}.Release|x86.Build.0 = Release|Any CPU
		{7CC31C77-6604-4A4B-8F8A-0B9E4D8A9C20}.Debug|Any CPU.ActiveCfg = Debug|Any CPU
		{7CC31C77-6604-4A4B-8F8A-0B9E4D8A9C20}.Debug|Any CPU.Build.0 = Debug|Any CPU
		{7CC31C77-6604-4A4B-8F8A-0B9E4D8A9C20}.Debug|x64.ActiveCfg = Debug|Any CPU
		{7CC31C77-6604-4A4B-8F8A-0B9E4D8A9C20}.Debug|x64.Build.0 = Debug|Any CPU
		{7CC31C77-6604-4A4B-8F8A-0B9E4D8A9C20}.Debug|x86.ActiveCfg = Debug|Any CPU
		{7CC31C77-6604-4A4B-8F8A-0B9E4D8A9C20}.Debug|x86.Build.0 = Debug|Any CPU
		{7CC31C77-6604-4A4B-8F8A-0B9E4D8A9C20}.Release|Any CPU.ActiveCfg = Release|Any CPU
		{7CC31C77-6604-4A4B-8F8A-0B9E4D8A9C20}.Release|Any CPU.Build.0 = Release|Any CPU
		{7CC31C77-6604-4A4B-8F8A-0B9E4D8A9C20}.Release|x64.ActiveCfg = Release|Any CPU
		{7CC31C77-6604-4A4B-8F8A-0B9E4D8A9C20}.Release|x64.Build.0 = Release|Any CPU
		{7CC31C77-6604-4A4B-8F8A-0B9E4D8A9C20}.Release|x86.ActiveCfg = Release|Any CPU
		{7CC31C77-6604-4A4B-8F8A-0B9E4D8A9C20}.Release|x86.Build.0 = Release|Any CPU
		{823CA3B4-00C5-4326-BF2C-14C1299C1AD4}.Debug|Any CPU.ActiveCfg = Debug|Any CPU
		{823CA3B4-00C5-4326-BF2C-14C1299C1AD4}.Debug|Any CPU.Build.0 = Debug|Any CPU
		{823CA3B4-00C5-4326-BF2C-14C1299C1AD4}.Debug|x64.ActiveCfg = Debug|Any CPU
		{823CA3B4-00C5-4326-BF2C-14C1299C1AD4}.Debug|x64.Build.0 = Debug|Any CPU
		{823CA3B4-00C5-4326-BF2C-14C1299C1AD4}.Debug|x86.ActiveCfg = Debug|Any CPU
		{823CA3B4-00C5-4326-BF2C-14C1299C1AD4}.Debug|x86.Build.0 = Debug|Any CPU
		{823CA3B4-00C5-4326-BF2C-14C1299C1AD4}.Release|Any CPU.ActiveCfg = Release|Any CPU
		{823CA3B4-00C5-4326-BF2C-14C1299C1AD4}.Release|Any CPU.Build.0 = Release|Any CPU
		{823CA3B4-00C5-4326-BF2C-14C1299C1AD4}.Release|x64.ActiveCfg = Release|Any CPU
		{823CA3B4-00C5-4326-BF2C-14C1299C1AD4}.Release|x64.Build.0 = Release|Any CPU
		{823CA3B4-00C5-4326-BF2C-14C1299C1AD4}.Release|x86.ActiveCfg = Release|Any CPU
		{823CA3B4-00C5-4326-BF2C-14C1299C1AD4}.Release|x86.Build.0 = Release|Any CPU
		{4ABC453E-F435-4754-8567-0DA05DB1E1F5}.Debug|Any CPU.ActiveCfg = Debug|Any CPU
		{4ABC453E-F435-4754-8567-0DA05DB1E1F5}.Debug|Any CPU.Build.0 = Debug|Any CPU
		{4ABC453E-F435-4754-8567-0DA05DB1E1F5}.Debug|x64.ActiveCfg = Debug|Any CPU
		{4ABC453E-F435-4754-8567-0DA05DB1E1F5}.Debug|x64.Build.0 = Debug|Any CPU
		{4ABC453E-F435-4754-8567-0DA05DB1E1F5}.Debug|x86.ActiveCfg = Debug|Any CPU
		{4ABC453E-F435-4754-8567-0DA05DB1E1F5}.Debug|x86.Build.0 = Debug|Any CPU
		{4ABC453E-F435-4754-8567-0DA05DB1E1F5}.Release|Any CPU.ActiveCfg = Release|Any CPU
		{4ABC453E-F435-4754-8567-0DA05DB1E1F5}.Release|Any CPU.Build.0 = Release|Any CPU
		{4ABC453E-F435-4754-8567-0DA05DB1E1F5}.Release|x64.ActiveCfg = Release|Any CPU
		{4ABC453E-F435-4754-8567-0DA05DB1E1F5}.Release|x64.Build.0 = Release|Any CPU
		{4ABC453E-F435-4754-8567-0DA05DB1E1F5}.Release|x86.ActiveCfg = Release|Any CPU
		{4ABC453E-F435-4754-8567-0DA05DB1E1F5}.Release|x86.Build.0 = Release|Any CPU
		{19037CF2-E863-408F-B610-F25C4B3292B8}.Debug|Any CPU.ActiveCfg = Debug|Any CPU
		{19037CF2-E863-408F-B610-F25C4B3292B8}.Debug|Any CPU.Build.0 = Debug|Any CPU
		{19037CF2-E863-408F-B610-F25C4B3292B8}.Debug|x64.ActiveCfg = Debug|Any CPU
		{19037CF2-E863-408F-B610-F25C4B3292B8}.Debug|x64.Build.0 = Debug|Any CPU
		{19037CF2-E863-408F-B610-F25C4B3292B8}.Debug|x86.ActiveCfg = Debug|Any CPU
		{19037CF2-E863-408F-B610-F25C4B3292B8}.Debug|x86.Build.0 = Debug|Any CPU
		{19037CF2-E863-408F-B610-F25C4B3292B8}.Release|Any CPU.ActiveCfg = Release|Any CPU
		{19037CF2-E863-408F-B610-F25C4B3292B8}.Release|Any CPU.Build.0 = Release|Any CPU
		{19037CF2-E863-408F-B610-F25C4B3292B8}.Release|x64.ActiveCfg = Release|Any CPU
		{19037CF2-E863-408F-B610-F25C4B3292B8}.Release|x64.Build.0 = Release|Any CPU
		{19037CF2-E863-408F-B610-F25C4B3292B8}.Release|x86.ActiveCfg = Release|Any CPU
		{19037CF2-E863-408F-B610-F25C4B3292B8}.Release|x86.Build.0 = Release|Any CPU
		{6FE1BF1D-2B27-48B6-A1AB-8008225D9B97}.Debug|Any CPU.ActiveCfg = Debug|Any CPU
		{6FE1BF1D-2B27-48B6-A1AB-8008225D9B97}.Debug|Any CPU.Build.0 = Debug|Any CPU
		{6FE1BF1D-2B27-48B6-A1AB-8008225D9B97}.Debug|x64.ActiveCfg = Debug|Any CPU
		{6FE1BF1D-2B27-48B6-A1AB-8008225D9B97}.Debug|x64.Build.0 = Debug|Any CPU
		{6FE1BF1D-2B27-48B6-A1AB-8008225D9B97}.Debug|x86.ActiveCfg = Debug|Any CPU
		{6FE1BF1D-2B27-48B6-A1AB-8008225D9B97}.Debug|x86.Build.0 = Debug|Any CPU
		{6FE1BF1D-2B27-48B6-A1AB-8008225D9B97}.Release|Any CPU.ActiveCfg = Release|Any CPU
		{6FE1BF1D-2B27-48B6-A1AB-8008225D9B97}.Release|Any CPU.Build.0 = Release|Any CPU
		{6FE1BF1D-2B27-48B6-A1AB-8008225D9B97}.Release|x64.ActiveCfg = Release|Any CPU
		{6FE1BF1D-2B27-48B6-A1AB-8008225D9B97}.Release|x64.Build.0 = Release|Any CPU
		{6FE1BF1D-2B27-48B6-A1AB-8008225D9B97}.Release|x86.ActiveCfg = Release|Any CPU
		{6FE1BF1D-2B27-48B6-A1AB-8008225D9B97}.Release|x86.Build.0 = Release|Any CPU
		{77B6C91B-6B65-4F3E-BAAF-EDC468673055}.Debug|Any CPU.ActiveCfg = Debug|Any CPU
		{77B6C91B-6B65-4F3E-BAAF-EDC468673055}.Debug|Any CPU.Build.0 = Debug|Any CPU
		{77B6C91B-6B65-4F3E-BAAF-EDC468673055}.Debug|x64.ActiveCfg = Debug|Any CPU
		{77B6C91B-6B65-4F3E-BAAF-EDC468673055}.Debug|x64.Build.0 = Debug|Any CPU
		{77B6C91B-6B65-4F3E-BAAF-EDC468673055}.Debug|x86.ActiveCfg = Debug|Any CPU
		{77B6C91B-6B65-4F3E-BAAF-EDC468673055}.Debug|x86.Build.0 = Debug|Any CPU
		{77B6C91B-6B65-4F3E-BAAF-EDC468673055}.Release|Any CPU.ActiveCfg = Release|Any CPU
		{77B6C91B-6B65-4F3E-BAAF-EDC468673055}.Release|Any CPU.Build.0 = Release|Any CPU
		{77B6C91B-6B65-4F3E-BAAF-EDC468673055}.Release|x64.ActiveCfg = Release|Any CPU
		{77B6C91B-6B65-4F3E-BAAF-EDC468673055}.Release|x64.Build.0 = Release|Any CPU
		{77B6C91B-6B65-4F3E-BAAF-EDC468673055}.Release|x86.ActiveCfg = Release|Any CPU
		{77B6C91B-6B65-4F3E-BAAF-EDC468673055}.Release|x86.Build.0 = Release|Any CPU
		{EED6F9EF-E22E-4323-9E09-8086B61E457F}.Debug|Any CPU.ActiveCfg = Debug|Any CPU
		{EED6F9EF-E22E-4323-9E09-8086B61E457F}.Debug|Any CPU.Build.0 = Debug|Any CPU
		{EED6F9EF-E22E-4323-9E09-8086B61E457F}.Debug|x64.ActiveCfg = Debug|Any CPU
		{EED6F9EF-E22E-4323-9E09-8086B61E457F}.Debug|x64.Build.0 = Debug|Any CPU
		{EED6F9EF-E22E-4323-9E09-8086B61E457F}.Debug|x86.ActiveCfg = Debug|Any CPU
		{EED6F9EF-E22E-4323-9E09-8086B61E457F}.Debug|x86.Build.0 = Debug|Any CPU
		{EED6F9EF-E22E-4323-9E09-8086B61E457F}.Release|Any CPU.ActiveCfg = Release|Any CPU
		{EED6F9EF-E22E-4323-9E09-8086B61E457F}.Release|Any CPU.Build.0 = Release|Any CPU
		{EED6F9EF-E22E-4323-9E09-8086B61E457F}.Release|x64.ActiveCfg = Release|Any CPU
		{EED6F9EF-E22E-4323-9E09-8086B61E457F}.Release|x64.Build.0 = Release|Any CPU
		{EED6F9EF-E22E-4323-9E09-8086B61E457F}.Release|x86.ActiveCfg = Release|Any CPU
		{EED6F9EF-E22E-4323-9E09-8086B61E457F}.Release|x86.Build.0 = Release|Any CPU
	EndGlobalSection
	GlobalSection(SolutionProperties) = preSolution
		HideSolutionNode = FALSE
	EndGlobalSection
EndGlobal
